
Microsoft Visual Studio Solution File, Format Version 12.00
# Visual Studio Version 18
VisualStudioVersion = 18.0.11217.181 d18.0
MinimumVisualStudioVersion = 10.0.40219.1
Project("{8BC9CEB8-8B4A-11D0-8D11-00A0C91BC942}") = "Microsoft.CommandPalette.Extensions", "Microsoft.CommandPalette.Extensions.vcxproj", "{305DD37E-C85D-4B08-AAFE-7381FA890463}"
EndProject
Global
	GlobalSection(SolutionConfigurationPlatforms) = preSolution
		Debug|ARM64 = Debug|ARM64
		Debug|x64 = Debug|x64
		Release|ARM64 = Release|ARM64
		Release|x64 = Release|x64
	EndGlobalSection
	GlobalSection(ProjectConfigurationPlatforms) = postSolution
		{305DD37E-C85D-4B08-AAFE-7381FA890463}.Debug|ARM64.ActiveCfg = Debug|ARM64
		{305DD37E-C85D-4B08-AAFE-7381FA890463}.Debug|ARM64.Build.0 = Debug|ARM64
		{305DD37E-C85D-4B08-AAFE-7381FA890463}.Debug|x64.ActiveCfg = Debug|x64
		{305DD37E-C85D-4B08-AAFE-7381FA890463}.Debug|x64.Build.0 = Debug|x64
		{305DD37E-C85D-4B08-AAFE-7381FA890463}.Release|ARM64.ActiveCfg = Release|ARM64
		{305DD37E-C85D-4B08-AAFE-7381FA890463}.Release|ARM64.Build.0 = Release|ARM64
		{305DD37E-C85D-4B08-AAFE-7381FA890463}.Release|x64.ActiveCfg = Release|x64
		{305DD37E-C85D-4B08-AAFE-7381FA890463}.Release|x64.Build.0 = Release|x64
	EndGlobalSection
	GlobalSection(SolutionProperties) = preSolution
		HideSolutionNode = FALSE
	EndGlobalSection
	GlobalSection(ExtensibilityGlobals) = postSolution
		SolutionGuid = {A8AFD9FD-90F7-4FC4-8B4C-95A31EF96E38}
	EndGlobalSection
EndGlobal
